
Microsoft Visual Studio Solution File, Format Version 12.00
# Visual Studio Version 17
VisualStudioVersion = 17.0.31903.59
MinimumVisualStudioVersion = 10.0.40219.1
Project("{2150E333-8FDC-42A3-9474-1A3956D46DE8}") = "src", "src", "{858B7828-22E9-4AED-9476-BB9895B2C7DB}"
EndProject
Project("{FAE04EC0-301F-11D3-BF4B-00C04F79EFBC}") = "AuctionService", "src\AuctionService\AuctionService.csproj", "{15579CDA-4A19-4863-B4BE-8B4D30451CFA}"
EndProject
Project("{FAE04EC0-301F-11D3-BF4B-00C04F79EFBC}") = "SearchService", "src\SearchService\SearchService.csproj", "{0648DC16-FE7F-4FA7-9884-84444991CAE4}"
EndProject
Global
	GlobalSection(SolutionConfigurationPlatforms) = preSolution
		Debug|Any CPU = Debug|Any CPU
		Release|Any CPU = Release|Any CPU
	EndGlobalSection
	GlobalSection(SolutionProperties) = preSolution
		HideSolutionNode = FALSE
	EndGlobalSection
	GlobalSection(ProjectConfigurationPlatforms) = postSolution
		{15579CDA-4A19-4863-B4BE-8B4D30451CFA}.Debug|Any CPU.ActiveCfg = Debug|Any CPU
		{15579CDA-4A19-4863-B4BE-8B4D30451CFA}.Debug|Any CPU.Build.0 = Debug|Any CPU
		{15579CDA-4A19-4863-B4BE-8B4D30451CFA}.Release|Any CPU.ActiveCfg = Release|Any CPU
		{15579CDA-4A19-4863-B4BE-8B4D30451CFA}.Release|Any CPU.Build.0 = Release|Any CPU
		{0648DC16-FE7F-4FA7-9884-84444991CAE4}.Debug|Any CPU.ActiveCfg = Debug|Any CPU
		{0648DC16-FE7F-4FA7-9884-84444991CAE4}.Debug|Any CPU.Build.0 = Debug|Any CPU
		{0648DC16-FE7F-4FA7-9884-84444991CAE4}.Release|Any CPU.ActiveCfg = Release|Any CPU
		{0648DC16-FE7F-4FA7-9884-84444991CAE4}.Release|Any CPU.Build.0 = Release|Any CPU
	EndGlobalSection
	GlobalSection(NestedProjects) = preSolution
		{15579CDA-4A19-4863-B4BE-8B4D30451CFA} = {858B7828-22E9-4AED-9476-BB9895B2C7DB}
		{0648DC16-FE7F-4FA7-9884-84444991CAE4} = {858B7828-22E9-4AED-9476-BB9895B2C7DB}
	EndGlobalSection
EndGlobal
